
Microsoft Visual Studio Solution File, Format Version 12.00
# Visual Studio Version 17
VisualStudioVersion = 17.11.35312.102
MinimumVisualStudioVersion = 10.0.40219.1
Project("{FAE04EC0-301F-11D3-BF4B-00C04F79EFBC}") = "ConsoleApp(with List)", "ConsoleApp(with List)\ConsoleApp(with List).csproj", "{5DA85885-025F-4D28-996D-075A1EEFE729}"
EndProject
Project("{FAE04EC0-301F-11D3-BF4B-00C04F79EFBC}") = "Core", "Core\Core.csproj", "{37317B7C-02CC-4388-894C-4B1A63FDC9D4}"
EndProject
Global
	GlobalSection(SolutionConfigurationPlatforms) = preSolution
		Debug|Any CPU = Debug|Any CPU
		Release|Any CPU = Release|Any CPU
	EndGlobalSection
	GlobalSection(ProjectConfigurationPlatforms) = postSolution
		{5DA85885-025F-4D28-996D-075A1EEFE729}.Debug|Any CPU.ActiveCfg = Debug|Any CPU
		{5DA85885-025F-4D28-996D-075A1EEFE729}.Debug|Any CPU.Build.0 = Debug|Any CPU
		{5DA85885-025F-4D28-996D-075A1EEFE729}.Release|Any CPU.ActiveCfg = Release|Any CPU
		{5DA85885-025F-4D28-996D-075A1EEFE729}.Release|Any CPU.Build.0 = Release|Any CPU
		{37317B7C-02CC-4388-894C-4B1A63FDC9D4}.Debug|Any CPU.ActiveCfg = Debug|Any CPU
		{37317B7C-02CC-4388-894C-4B1A63FDC9D4}.Debug|Any CPU.Build.0 = Debug|Any CPU
		{37317B7C-02CC-4388-894C-4B1A63FDC9D4}.Release|Any CPU.ActiveCfg = Release|Any CPU
		{37317B7C-02CC-4388-894C-4B1A63FDC9D4}.Release|Any CPU.Build.0 = Release|Any CPU
	EndGlobalSection
	GlobalSection(SolutionProperties) = preSolution
		HideSolutionNode = FALSE
	EndGlobalSection
	GlobalSection(ExtensibilityGlobals) = postSolution
		SolutionGuid = {C19B3727-31BA-45D6-B3A1-C99E2D47C8F8}
	EndGlobalSection
EndGlobal
